// !$*UTF8*$!
{
	archiveVersion = 1;
	classes = {
	};
	objectVersion = 77;
	objects = {

/* Begin PBXBuildFile section */
		0B52D113D9E55B59366416F5 /* StudySessionActivityAttributes.swift in Sources */ = {isa = PBXBuildFile; fileRef = 34B41E1168F6B0564FBD79EE /* StudySessionActivityAttributes.swift */; };
		3CBBAA8F7711F1BE14B155EA /* InterviewPrepLiveActivity.appex in Embed App Extensions */ = {isa = PBXBuildFile; fileRef = 0DC2A8BDBD7D5D2C3F7A099E /* InterviewPrepLiveActivity.appex */; settings = {ATTRIBUTES = (RemoveHeadersOnCopy, ); }; };
		78A15B92987469BA239F8CBA /* InterviewPrepLiveActivityBundle.swift in Sources */ = {isa = PBXBuildFile; fileRef = 686A14F5C35616A071726475 /* InterviewPrepLiveActivityBundle.swift */; };
		A726F5940652B07F21DB1CBE /* StudySessionActivityAttributes.swift in Sources */ = {isa = PBXBuildFile; fileRef = 34B41E1168F6B0564FBD79EE /* StudySessionActivityAttributes.swift */; };
		B292CB19A07CFE2700AECE7C /* StudySessionLiveActivity.swift in Sources */ = {isa = PBXBuildFile; fileRef = B782C34E8E7E9198BE0694A8 /* StudySessionLiveActivity.swift */; };
/* End PBXBuildFile section */

/* Begin PBXContainerItemProxy section */
		EF30336500B1111A2CCB9A93 /* PBXContainerItemProxy */ = {
			isa = PBXContainerItemProxy;
			containerPortal = E3E688A62EEF9E77008DB7DA /* Project object */;
			proxyType = 1;
			remoteGlobalIDString = 23324E4A5B6888AFDB837FAD;
			remoteInfo = InterviewPrepLiveActivity;
		};
/* End PBXContainerItemProxy section */

/* Begin PBXCopyFilesBuildPhase section */
		6074B575E76A5E56D54B83BE /* Embed App Extensions */ = {
			isa = PBXCopyFilesBuildPhase;
			buildActionMask = 2147483647;
			dstPath = "";
			dstSubfolderSpec = 13;
			files = (
				3CBBAA8F7711F1BE14B155EA /* InterviewPrepLiveActivity.appex in Embed App Extensions */,
			);
			name = "Embed App Extensions";
			runOnlyForDeploymentPostprocessing = 0;
		};
/* End PBXCopyFilesBuildPhase section */

/* Begin PBXFileReference section */
		0DC2A8BDBD7D5D2C3F7A099E /* InterviewPrepLiveActivity.appex */ = {isa = PBXFileReference; explicitFileType = "wrapper.app-extension"; includeInIndex = 0; path = InterviewPrepLiveActivity.appex; sourceTree = BUILT_PRODUCTS_DIR; };
		34B41E1168F6B0564FBD79EE /* StudySessionActivityAttributes.swift */ = {isa = PBXFileReference; includeInIndex = 1; lastKnownFileType = sourcecode.swift; name = StudySessionActivityAttributes.swift; path = Shared/StudySessionActivityAttributes.swift; sourceTree = "<group>"; };
		686A14F5C35616A071726475 /* InterviewPrepLiveActivityBundle.swift */ = {isa = PBXFileReference; includeInIndex = 1; lastKnownFileType = sourcecode.swift; name = InterviewPrepLiveActivityBundle.swift; path = InterviewPrepLiveActivity/InterviewPrepLiveActivityBundle.swift; sourceTree = "<group>"; };
		8F82754409AF1B5922C75AF3 /* Info.plist */ = {isa = PBXFileReference; includeInIndex = 1; lastKnownFileType = text.plist.xml; name = Info.plist; path = InterviewPrepLiveActivity/Info.plist; sourceTree = "<group>"; };
		B782C34E8E7E9198BE0694A8 /* StudySessionLiveActivity.swift */ = {isa = PBXFileReference; includeInIndex = 1; lastKnownFileType = sourcecode.swift; name = StudySessionLiveActivity.swift; path = InterviewPrepLiveActivity/StudySessionLiveActivity.swift; sourceTree = "<group>"; };
		E3E688AE2EEF9E77008DB7DA /* InterviewPrep.app */ = {isa = PBXFileReference; explicitFileType = wrapper.application; includeInIndex = 0; path = InterviewPrep.app; sourceTree = BUILT_PRODUCTS_DIR; };
/* End PBXFileReference section */

/* Begin PBXFileSystemSynchronizedRootGroup section */
		E3E688B02EEF9E77008DB7DA /* InterviewPrep */ = {
			isa = PBXFileSystemSynchronizedRootGroup;
			path = InterviewPrep;
			sourceTree = "<group>";
		};
/* End PBXFileSystemSynchronizedRootGroup section */

/* Begin PBXFrameworksBuildPhase section */
		A27668F7D08EF757A2F720A3 /* Frameworks */ = {
			isa = PBXFrameworksBuildPhase;
			buildActionMask = 2147483647;
			files = (
			);
			runOnlyForDeploymentPostprocessing = 0;
		};
		E3E688AB2EEF9E77008DB7DA /* Frameworks */ = {
			isa = PBXFrameworksBuildPhase;
			buildActionMask = 2147483647;
			files = (
			);
			runOnlyForDeploymentPostprocessing = 0;
		};
/* End PBXFrameworksBuildPhase section */

/* Begin PBXGroup section */
		09610EB10F27E37356CF28AA /* InterviewPrepLiveActivity */ = {
			isa = PBXGroup;
			children = (
				686A14F5C35616A071726475 /* InterviewPrepLiveActivityBundle.swift */,
				B782C34E8E7E9198BE0694A8 /* StudySessionLiveActivity.swift */,
				8F82754409AF1B5922C75AF3 /* Info.plist */,
			);
			name = InterviewPrepLiveActivity;
			sourceTree = "<group>";
		};
		644C53DB9BDCB575B9A5856A /* iOS */ = {
			isa = PBXGroup;
			children = (
			);
			name = iOS;
			sourceTree = "<group>";
		};
		BAA5724033E44FF153A73D24 /* Shared */ = {
			isa = PBXGroup;
			children = (
				34B41E1168F6B0564FBD79EE /* StudySessionActivityAttributes.swift */,
			);
			name = Shared;
			sourceTree = "<group>";
		};
		E3E688A52EEF9E77008DB7DA = {
			isa = PBXGroup;
			children = (
				E3E688B02EEF9E77008DB7DA /* InterviewPrep */,
				E3E688AF2EEF9E77008DB7DA /* Products */,
				F6756E85DBB5596980A2870C /* Frameworks */,
				09610EB10F27E37356CF28AA /* InterviewPrepLiveActivity */,
				BAA5724033E44FF153A73D24 /* Shared */,
			);
			sourceTree = "<group>";
		};
		E3E688AF2EEF9E77008DB7DA /* Products */ = {
			isa = PBXGroup;
			children = (
				E3E688AE2EEF9E77008DB7DA /* InterviewPrep.app */,
				0DC2A8BDBD7D5D2C3F7A099E /* InterviewPrepLiveActivity.appex */,
			);
			name = Products;
			sourceTree = "<group>";
		};
		F6756E85DBB5596980A2870C /* Frameworks */ = {
			isa = PBXGroup;
			children = (
				644C53DB9BDCB575B9A5856A /* iOS */,
			);
			name = Frameworks;
			sourceTree = "<group>";
		};
/* End PBXGroup section */

/* Begin PBXNativeTarget section */
		23324E4A5B6888AFDB837FAD /* InterviewPrepLiveActivity */ = {
			isa = PBXNativeTarget;
			buildConfigurationList = 310701B67022DE9AE8FF4997 /* Build configuration list for PBXNativeTarget "InterviewPrepLiveActivity" */;
			buildPhases = (
				17198AF0A56B4245E4EBDA5C /* Sources */,
				A27668F7D08EF757A2F720A3 /* Frameworks */,
				F4C7F7E4E48321C327A137AF /* Resources */,
			);
			buildRules = (
			);
			dependencies = (
			);
			name = InterviewPrepLiveActivity;
			productName = InterviewPrepLiveActivity;
			productReference = 0DC2A8BDBD7D5D2C3F7A099E /* InterviewPrepLiveActivity.appex */;
			productType = "com.apple.product-type.app-extension";
		};
		E3E688AD2EEF9E77008DB7DA /* InterviewPrep */ = {
			isa = PBXNativeTarget;
			buildConfigurationList = E3E688BB2EEF9E77008DB7DA /* Build configuration list for PBXNativeTarget "InterviewPrep" */;
			buildPhases = (
				E3E688AA2EEF9E77008DB7DA /* Sources */,
				E3E688AB2EEF9E77008DB7DA /* Frameworks */,
				E3E688AC2EEF9E77008DB7DA /* Resources */,
				6074B575E76A5E56D54B83BE /* Embed App Extensions */,
			);
			buildRules = (
			);
			dependencies = (
				DD85CED001632ABECE0895CC /* PBXTargetDependency */,
			);
			fileSystemSynchronizedGroups = (
				E3E688B02EEF9E77008DB7DA /* InterviewPrep */,
			);
			name = InterviewPrep;
			productName = InterviewPrep;
			productReference = E3E688AE2EEF9E77008DB7DA /* InterviewPrep.app */;
			productType = "com.apple.product-type.application";
		};
/* End PBXNativeTarget section */

/* Begin PBXProject section */
		E3E688A62EEF9E77008DB7DA /* Project object */ = {
			isa = PBXProject;
			attributes = {
				BuildIndependentTargetsInParallel = 1;
				LastSwiftUpdateCheck = 2600;
				LastUpgradeCheck = 2600;
				TargetAttributes = {
					E3E688AD2EEF9E77008DB7DA = {
						CreatedOnToolsVersion = 26.0.1;
					};
				};
			};
			buildConfigurationList = E3E688A92EEF9E77008DB7DA /* Build configuration list for PBXProject "InterviewPrep" */;
			developmentRegion = en;
			hasScannedForEncodings = 0;
			knownRegions = (
				en,
				Base,
			);
			mainGroup = E3E688A52EEF9E77008DB7DA;
			minimizedProjectReferenceProxies = 1;
			preferredProjectObjectVersion = 77;
			productRefGroup = E3E688AF2EEF9E77008DB7DA /* Products */;
			projectDirPath = "";
			projectRoot = "";
			targets = (
				E3E688AD2EEF9E77008DB7DA /* InterviewPrep */,
				23324E4A5B6888AFDB837FAD /* InterviewPrepLiveActivity */,
			);
		};
/* End PBXProject section */

/* Begin PBXResourcesBuildPhase section */
		E3E688AC2EEF9E77008DB7DA /* Resources */ = {
			isa = PBXResourcesBuildPhase;
			buildActionMask = 2147483647;
			files = (
			);
			runOnlyForDeploymentPostprocessing = 0;
		};
		F4C7F7E4E48321C327A137AF /* Resources */ = {
			isa = PBXResourcesBuildPhase;
			buildActionMask = 2147483647;
			files = (
			);
			runOnlyForDeploymentPostprocessing = 0;
		};
/* End PBXResourcesBuildPhase section */

/* Begin PBXSourcesBuildPhase section */
		17198AF0A56B4245E4EBDA5C /* Sources */ = {
			isa = PBXSourcesBuildPhase;
			buildActionMask = 2147483647;
			files = (
				78A15B92987469BA239F8CBA /* InterviewPrepLiveActivityBundle.swift in Sources */,
				B292CB19A07CFE2700AECE7C /* StudySessionLiveActivity.swift in Sources */,
				A726F5940652B07F21DB1CBE /* StudySessionActivityAttributes.swift in Sources */,
			);
			runOnlyForDeploymentPostprocessing = 0;
		};
		E3E688AA2EEF9E77008DB7DA /* Sources */ = {
			isa = PBXSourcesBuildPhase;
			buildActionMask = 2147483647;
			files = (
				0B52D113D9E55B59366416F5 /* StudySessionActivityAttributes.swift in Sources */,
			);
			runOnlyForDeploymentPostprocessing = 0;
		};
/* End PBXSourcesBuildPhase section */

/* Begin PBXTargetDependency section */
		DD85CED001632ABECE0895CC /* PBXTargetDependency */ = {
			isa = PBXTargetDependency;
			name = InterviewPrepLiveActivity;
			target = 23324E4A5B6888AFDB837FAD /* InterviewPrepLiveActivity */;
			targetProxy = EF30336500B1111A2CCB9A93 /* PBXContainerItemProxy */;
		};
/* End PBXTargetDependency section */

/* Begin XCBuildConfiguration section */
		3933AAB931E12C90D61F68A4 /* Release */ = {
			isa = XCBuildConfiguration;
			buildSettings = {
				APPLICATION_EXTENSION_API_ONLY = YES;
				CLANG_ENABLE_OBJC_WEAK = NO;
				CODE_SIGN_STYLE = Automatic;
				CURRENT_PROJECT_VERSION = 1;
				DEVELOPMENT_TEAM = 988N3YY62P;
				GENERATE_INFOPLIST_FILE = NO;
				INFOPLIST_FILE = InterviewPrepLiveActivity/Info.plist;
				IPHONEOS_DEPLOYMENT_TARGET = 18.6;
				LD_RUNPATH_SEARCH_PATHS = (
					"$(inherited)",
					"@executable_path/Frameworks",
					"@executable_path/../../Frameworks",
				);
				MARKETING_VERSION = 1.3;
				PRODUCT_BUNDLE_IDENTIFIER = elbek.InterviewPrep.LiveActivity;
				PRODUCT_NAME = "$(TARGET_NAME)";
				SDKROOT = iphoneos;
				SKIP_INSTALL = YES;
				SUPPORTED_PLATFORMS = "iphoneos iphonesimulator";
				SUPPORTS_MACCATALYST = NO;
				SUPPORTS_MAC_DESIGNED_FOR_IPHONE_IPAD = NO;
				SUPPORTS_XR_DESIGNED_FOR_IPHONE_IPAD = NO;
				SWIFT_VERSION = 5.0;
				TARGETED_DEVICE_FAMILY = 1;
				VALIDATE_PRODUCT = YES;
			};
			name = Release;
		};
		86D41E124CF7725C8EBB9ACA /* Debug */ = {
			isa = XCBuildConfiguration;
			buildSettings = {
				APPLICATION_EXTENSION_API_ONLY = YES;
				CLANG_ENABLE_OBJC_WEAK = NO;
				CODE_SIGN_STYLE = Automatic;
				CURRENT_PROJECT_VERSION = 1;
				DEVELOPMENT_TEAM = 988N3YY62P;
				GENERATE_INFOPLIST_FILE = NO;
				INFOPLIST_FILE = InterviewPrepLiveActivity/Info.plist;
				IPHONEOS_DEPLOYMENT_TARGET = 18.6;
				LD_RUNPATH_SEARCH_PATHS = (
					"$(inherited)",
					"@executable_path/Frameworks",
					"@executable_path/../../Frameworks",
				);
				MARKETING_VERSION = 1.3;
				PRODUCT_BUNDLE_IDENTIFIER = elbek.InterviewPrep.LiveActivity;
				PRODUCT_NAME = "$(TARGET_NAME)";
				SDKROOT = iphoneos;
				SKIP_INSTALL = YES;
				SUPPORTED_PLATFORMS = "iphoneos iphonesimulator";
				SUPPORTS_MACCATALYST = NO;
				SUPPORTS_MAC_DESIGNED_FOR_IPHONE_IPAD = NO;
				SUPPORTS_XR_DESIGNED_FOR_IPHONE_IPAD = NO;
				SWIFT_VERSION = 5.0;
				TARGETED_DEVICE_FAMILY = 1;
			};
			name = Debug;
		};
		E3E688B92EEF9E77008DB7DA /* Debug */ = {
			isa = XCBuildConfiguration;
			buildSettings = {
				ALWAYS_SEARCH_USER_PATHS = NO;
				ASSETCATALOG_COMPILER_GENERATE_SWIFT_ASSET_SYMBOL_EXTENSIONS = YES;
				CLANG_ANALYZER_NONNULL = YES;
				CLANG_ANALYZER_NUMBER_OBJECT_CONVERSION = YES_AGGRESSIVE;
				CLANG_CXX_LANGUAGE_STANDARD = "gnu++20";
				CLANG_ENABLE_MODULES = YES;
				CLANG_ENABLE_OBJC_ARC = YES;
				CLANG_ENABLE_OBJC_WEAK = YES;
				CLANG_WARN_BLOCK_CAPTURE_AUTORELEASING = YES;
				CLANG_WARN_BOOL_CONVERSION = YES;
				CLANG_WARN_COMMA = YES;
				CLANG_WARN_CONSTANT_CONVERSION = YES;
				CLANG_WARN_DEPRECATED_OBJC_IMPLEMENTATIONS = YES;
				CLANG_WARN_DIRECT_OBJC_ISA_USAGE = YES_ERROR;
				CLANG_WARN_DOCUMENTATION_COMMENTS = YES;
				CLANG_WARN_EMPTY_BODY = YES;
				CLANG_WARN_ENUM_CONVERSION = YES;
				CLANG_WARN_INFINITE_RECURSION = YES;
				CLANG_WARN_INT_CONVERSION = YES;
				CLANG_WARN_NON_LITERAL_NULL_CONVERSION = YES;
				CLANG_WARN_OBJC_IMPLICIT_RETAIN_SELF = YES;
				CLANG_WARN_OBJC_LITERAL_CONVERSION = YES;
				CLANG_WARN_OBJC_ROOT_CLASS = YES_ERROR;
				CLANG_WARN_QUOTED_INCLUDE_IN_FRAMEWORK_HEADER = YES;
				CLANG_WARN_RANGE_LOOP_ANALYSIS = YES;
				CLANG_WARN_STRICT_PROTOTYPES = YES;
				CLANG_WARN_SUSPICIOUS_MOVE = YES;
				CLANG_WARN_UNGUARDED_AVAILABILITY = YES_AGGRESSIVE;
				CLANG_WARN_UNREACHABLE_CODE = YES;
				CLANG_WARN__DUPLICATE_METHOD_MATCH = YES;
				COPY_PHASE_STRIP = NO;
				DEBUG_INFORMATION_FORMAT = dwarf;
				DEVELOPMENT_TEAM = 988N3YY62P;
				ENABLE_STRICT_OBJC_MSGSEND = YES;
				ENABLE_TESTABILITY = YES;
				ENABLE_USER_SCRIPT_SANDBOXING = YES;
				GCC_C_LANGUAGE_STANDARD = gnu17;
				GCC_DYNAMIC_NO_PIC = NO;
				GCC_NO_COMMON_BLOCKS = YES;
				GCC_OPTIMIZATION_LEVEL = 0;
				GCC_PREPROCESSOR_DEFINITIONS = (
					"DEBUG=1",
					"$(inherited)",
				);
				GCC_WARN_64_TO_32_BIT_CONVERSION = YES;
				GCC_WARN_ABOUT_RETURN_TYPE = YES_ERROR;
				GCC_WARN_UNDECLARED_SELECTOR = YES;
				GCC_WARN_UNINITIALIZED_AUTOS = YES_AGGRESSIVE;
				GCC_WARN_UNUSED_FUNCTION = YES;
				GCC_WARN_UNUSED_VARIABLE = YES;
				IPHONEOS_DEPLOYMENT_TARGET = 26.0;
				LOCALIZATION_PREFERS_STRING_CATALOGS = YES;
				MTL_ENABLE_DEBUG_INFO = INCLUDE_SOURCE;
				MTL_FAST_MATH = YES;
				ONLY_ACTIVE_ARCH = YES;
				SDKROOT = iphoneos;
				SWIFT_ACTIVE_COMPILATION_CONDITIONS = "DEBUG $(inherited)";
				SWIFT_OPTIMIZATION_LEVEL = "-Onone";
			};
			name = Debug;
		};
		E3E688BA2EEF9E77008DB7DA /* Release */ = {
			isa = XCBuildConfiguration;
			buildSettings = {
				ALWAYS_SEARCH_USER_PATHS = NO;
				ASSETCATALOG_COMPILER_GENERATE_SWIFT_ASSET_SYMBOL_EXTENSIONS = YES;
				CLANG_ANALYZER_NONNULL = YES;
				CLANG_ANALYZER_NUMBER_OBJECT_CONVERSION = YES_AGGRESSIVE;
				CLANG_CXX_LANGUAGE_STANDARD = "gnu++20";
				CLANG_ENABLE_MODULES = YES;
				CLANG_ENABLE_OBJC_ARC = YES;
				CLANG_ENABLE_OBJC_WEAK = YES;
				CLANG_WARN_BLOCK_CAPTURE_AUTORELEASING = YES;
				CLANG_WARN_BOOL_CONVERSION = YES;
				CLANG_WARN_COMMA = YES;
				CLANG_WARN_CONSTANT_CONVERSION = YES;
				CLANG_WARN_DEPRECATED_OBJC_IMPLEMENTATIONS = YES;
				CLANG_WARN_DIRECT_OBJC_ISA_USAGE = YES_ERROR;
				CLANG_WARN_DOCUMENTATION_COMMENTS = YES;
				CLANG_WARN_EMPTY_BODY = YES;
				CLANG_WARN_ENUM_CONVERSION = YES;
				CLANG_WARN_INFINITE_RECURSION = YES;
				CLANG_WARN_INT_CONVERSION = YES;
				CLANG_WARN_NON_LITERAL_NULL_CONVERSION = YES;
				CLANG_WARN_OBJC_IMPLICIT_RETAIN_SELF = YES;
				CLANG_WARN_OBJC_LITERAL_CONVERSION = YES;
				CLANG_WARN_OBJC_ROOT_CLASS = YES_ERROR;
				CLANG_WARN_QUOTED_INCLUDE_IN_FRAMEWORK_HEADER = YES;
				CLANG_WARN_RANGE_LOOP_ANALYSIS = YES;
				CLANG_WARN_STRICT_PROTOTYPES = YES;
				CLANG_WARN_SUSPICIOUS_MOVE = YES;
				CLANG_WARN_UNGUARDED_AVAILABILITY = YES_AGGRESSIVE;
				CLANG_WARN_UNREACHABLE_CODE = YES;
				CLANG_WARN__DUPLICATE_METHOD_MATCH = YES;
				COPY_PHASE_STRIP = NO;
				DEBUG_INFORMATION_FORMAT = "dwarf-with-dsym";
				DEVELOPMENT_TEAM = 988N3YY62P;
				ENABLE_NS_ASSERTIONS = NO;
				ENABLE_STRICT_OBJC_MSGSEND = YES;
				ENABLE_USER_SCRIPT_SANDBOXING = YES;
				GCC_C_LANGUAGE_STANDARD = gnu17;
				GCC_NO_COMMON_BLOCKS = YES;
				GCC_WARN_64_TO_32_BIT_CONVERSION = YES;
				GCC_WARN_ABOUT_RETURN_TYPE = YES_ERROR;
				GCC_WARN_UNDECLARED_SELECTOR = YES;
				GCC_WARN_UNINITIALIZED_AUTOS = YES_AGGRESSIVE;
				GCC_WARN_UNUSED_FUNCTION = YES;
				GCC_WARN_UNUSED_VARIABLE = YES;
				IPHONEOS_DEPLOYMENT_TARGET = 26.0;
				LOCALIZATION_PREFERS_STRING_CATALOGS = YES;
				MTL_ENABLE_DEBUG_INFO = NO;
				MTL_FAST_MATH = YES;
				SDKROOT = iphoneos;
				SWIFT_COMPILATION_MODE = wholemodule;
				VALIDATE_PRODUCT = YES;
			};
			name = Release;
		};
		E3E688BC2EEF9E77008DB7DA /* Debug */ = {
			isa = XCBuildConfiguration;
			buildSettings = {
				ASSETCATALOG_COMPILER_APPICON_NAME = AppIcon;
				ASSETCATALOG_COMPILER_GLOBAL_ACCENT_COLOR_NAME = AccentColor;
				CODE_SIGN_STYLE = Automatic;
				CURRENT_PROJECT_VERSION = 1;
				DEVELOPMENT_TEAM = 988N3YY62P;
				ENABLE_PREVIEWS = YES;
				GENERATE_INFOPLIST_FILE = NO;
				INFOPLIST_FILE = AppInfo.plist;
				IPHONEOS_DEPLOYMENT_TARGET = 26.0;
				LD_RUNPATH_SEARCH_PATHS = (
					"$(inherited)",
					"@executable_path/Frameworks",
				);
				MARKETING_VERSION = 1.3;
				PRODUCT_BUNDLE_IDENTIFIER = elbek.InterviewPrep;
				PRODUCT_NAME = "$(TARGET_NAME)";
				STRING_CATALOG_GENERATE_SYMBOLS = YES;
				SUPPORTED_PLATFORMS = "iphoneos iphonesimulator";
				SUPPORTS_MACCATALYST = NO;
				SUPPORTS_MAC_DESIGNED_FOR_IPHONE_IPAD = NO;
				SUPPORTS_XR_DESIGNED_FOR_IPHONE_IPAD = NO;
				SWIFT_APPROACHABLE_CONCURRENCY = YES;
				SWIFT_DEFAULT_ACTOR_ISOLATION = MainActor;
				SWIFT_EMIT_LOC_STRINGS = YES;
				SWIFT_UPCOMING_FEATURE_MEMBER_IMPORT_VISIBILITY = YES;
				SWIFT_VERSION = 5.0;
				TARGETED_DEVICE_FAMILY = 1;
			};
			name = Debug;
		};
		E3E688BD2EEF9E77008DB7DA /* Release */ = {
			isa = XCBuildConfiguration;
			buildSettings = {
				ASSETCATALOG_COMPILER_APPICON_NAME = AppIcon;
				ASSETCATALOG_COMPILER_GLOBAL_ACCENT_COLOR_NAME = AccentColor;
				CODE_SIGN_STYLE = Automatic;
				CURRENT_PROJECT_VERSION = 1;
				DEVELOPMENT_TEAM = 988N3YY62P;
				ENABLE_PREVIEWS = YES;
				GENERATE_INFOPLIST_FILE = NO;
				INFOPLIST_FILE = AppInfo.plist;
				IPHONEOS_DEPLOYMENT_TARGET = 26.0;
				LD_RUNPATH_SEARCH_PATHS = (
					"$(inherited)",
					"@executable_path/Frameworks",
				);
				MARKETING_VERSION = 1.3;
				PRODUCT_BUNDLE_IDENTIFIER = elbek.InterviewPrep;
				PRODUCT_NAME = "$(TARGET_NAME)";
				STRING_CATALOG_GENERATE_SYMBOLS = YES;
				SUPPORTED_PLATFORMS = "iphoneos iphonesimulator";
				SUPPORTS_MACCATALYST = NO;
				SUPPORTS_MAC_DESIGNED_FOR_IPHONE_IPAD = NO;
				SUPPORTS_XR_DESIGNED_FOR_IPHONE_IPAD = NO;
				SWIFT_APPROACHABLE_CONCURRENCY = YES;
				SWIFT_DEFAULT_ACTOR_ISOLATION = MainActor;
				SWIFT_EMIT_LOC_STRINGS = YES;
				SWIFT_UPCOMING_FEATURE_MEMBER_IMPORT_VISIBILITY = YES;
				SWIFT_VERSION = 5.0;
				TARGETED_DEVICE_FAMILY = 1;
			};
			name = Release;
		};
/* End XCBuildConfiguration section */

/* Begin XCConfigurationList section */
		310701B67022DE9AE8FF4997 /* Build configuration list for PBXNativeTarget "InterviewPrepLiveActivity" */ = {
			isa = XCConfigurationList;
			buildConfigurations = (
				3933AAB931E12C90D61F68A4 /* Release */,
				86D41E124CF7725C8EBB9ACA /* Debug */,
			);
			defaultConfigurationIsVisible = 0;
			defaultConfigurationName = Release;
		};
		E3E688A92EEF9E77008DB7DA /* Build configuration list for PBXProject "InterviewPrep" */ = {
			isa = XCConfigurationList;
			buildConfigurations = (
				E3E688B92EEF9E77008DB7DA /* Debug */,
				E3E688BA2EEF9E77008DB7DA /* Release */,
			);
			defaultConfigurationIsVisible = 0;
			defaultConfigurationName = Release;
		};
		E3E688BB2EEF9E77008DB7DA /* Build configuration list for PBXNativeTarget "InterviewPrep" */ = {
			isa = XCConfigurationList;
			buildConfigurations = (
				E3E688BC2EEF9E77008DB7DA /* Debug */,
				E3E688BD2EEF9E77008DB7DA /* Release */,
			);
			defaultConfigurationIsVisible = 0;
			defaultConfigurationName = Release;
		};
/* End XCConfigurationList section */
	};
	rootObject = E3E688A62EEF9E77008DB7DA /* Project object */;
}
